# THIS IS AN AUTOGENERATED FILE. DO NOT EDIT THIS FILE DIRECTLY.
# yarn lockfile v1


lucide@^0.368.0:
  version "0.368.0"
  resolved "https://registry.yarnpkg.com/lucide/-/lucide-0.368.0.tgz#ce165ad8507ebee0f71b09e86a4d2e9eec5e4fc6"
  integrity sha512-Sy3hnnGZ8N83j+tsupoWTK6zGElpXpDJwfh58jlCwhdFx0ONWrDUn0nfw/alP1GM04CY4Z1Cm5KrI2RuuBXGAg==
